
Microsoft Visual Studio Solution File, Format Version 12.00
Project("{FAE04EC0-301F-11D3-BF4B-00C04F79EFBC}") = "BackgroundService.NET", "BackgroundService.NET\BackgroundService.NET.csproj", "{61561A97-BDB4-4104-9B22-A06156C1427C}"
EndProject
Project("{FAE04EC0-301F-11D3-BF4B-00C04F79EFBC}") = "BackgroundService.NET.CronJob", "BackgroundService.NET.CronJob\BackgroundService.NET.CronJob.csproj", "{A8E7F761-9CA0-4DBB-AADC-A10C2731AE7E}"
EndProject
Project("{FAE04EC0-301F-11D3-BF4B-00C04F79EFBC}") = "BackgroundService.NET.Tests", "BackgroundService.NET.Tests\BackgroundService.NET.Tests.csproj", "{DF1E6C55-72B1-401B-BDD9-0E76DAB3C079}"
EndProject
Project("{FAE04EC0-301F-11D3-BF4B-00C04F79EFBC}") = "BackgroundService.NET.HelloWorldPlugin", "BackgroundService.NET.SamplePlugins\BackgroundService.NET.HelloWorldPlugin\BackgroundService.NET.HelloWorldPlugin.csproj", "{7990B21C-F866-4826-B88A-8A678E63A576}"
EndProject
Project("{2150E333-8FDC-42A3-9474-1A3956D46DE8}") = "SamplePlugins", "SamplePlugins", "{7D0DB4FB-911F-4F01-B4DA-D9F509D35EEC}"
EndProject
Project("{FAE04EC0-301F-11D3-BF4B-00C04F79EFBC}") = "BackgroundService.NET.PluginWithDependencies", "BackgroundService.NET.SamplePlugins\BackgroundService.NET.PluginWithDependencies\BackgroundService.NET.PluginWithDependencies.csproj", "{AE68959B-67FC-405F-8850-E26AFEFB9794}"
EndProject
Project("{FAE04EC0-301F-11D3-BF4B-00C04F79EFBC}") = "BackgroundService.NET.FailingPlugin", "BackgroundService.NET.SamplePlugins\BackgroundService.NET.FailingPlugin\BackgroundService.NET.FailingPlugin.csproj", "{ED631137-25F8-46D8-80C9-E4B5A9B38F67}"
EndProject
Project("{FAE04EC0-301F-11D3-BF4B-00C04F79EFBC}") = "BackgroundService.NET.PluginWithProjectReference", "BackgroundService.NET.SamplePlugins\BackgroundService.NET.PluginWithProjectReference\BackgroundService.NET.PluginWithProjectReference.csproj", "{59696DF3-73C8-419A-8B29-6026D16188E4}"
EndProject
Project("{FAE04EC0-301F-11D3-BF4B-00C04F79EFBC}") = "BackgroundService.NET.PluginProjectReference", "BackgroundService.NET.SamplePlugins\BackgroundService.NET.PluginProjectReference\BackgroundService.NET.PluginProjectReference.csproj", "{60BD09C5-8760-4C31-A0FE-61752076CD6C}"
EndProject
Global
	GlobalSection(SolutionConfigurationPlatforms) = preSolution
		Debug|Any CPU = Debug|Any CPU
		Release|Any CPU = Release|Any CPU
	EndGlobalSection
	GlobalSection(ProjectConfigurationPlatforms) = postSolution
		{61561A97-BDB4-4104-9B22-A06156C1427C}.Debug|Any CPU.ActiveCfg = Debug|Any CPU
		{61561A97-BDB4-4104-9B22-A06156C1427C}.Debug|Any CPU.Build.0 = Debug|Any CPU
		{61561A97-BDB4-4104-9B22-A06156C1427C}.Release|Any CPU.ActiveCfg = Release|Any CPU
		{61561A97-BDB4-4104-9B22-A06156C1427C}.Release|Any CPU.Build.0 = Release|Any CPU
		{A8E7F761-9CA0-4DBB-AADC-A10C2731AE7E}.Debug|Any CPU.ActiveCfg = Debug|Any CPU
		{A8E7F761-9CA0-4DBB-AADC-A10C2731AE7E}.Debug|Any CPU.Build.0 = Debug|Any CPU
		{A8E7F761-9CA0-4DBB-AADC-A10C2731AE7E}.Release|Any CPU.ActiveCfg = Release|Any CPU
		{A8E7F761-9CA0-4DBB-AADC-A10C2731AE7E}.Release|Any CPU.Build.0 = Release|Any CPU
		{DF1E6C55-72B1-401B-BDD9-0E76DAB3C079}.Debug|Any CPU.ActiveCfg = Debug|Any CPU
		{DF1E6C55-72B1-401B-BDD9-0E76DAB3C079}.Debug|Any CPU.Build.0 = Debug|Any CPU
		{DF1E6C55-72B1-401B-BDD9-0E76DAB3C079}.Release|Any CPU.ActiveCfg = Release|Any CPU
		{DF1E6C55-72B1-401B-BDD9-0E76DAB3C079}.Release|Any CPU.Build.0 = Release|Any CPU
		{7990B21C-F866-4826-B88A-8A678E63A576}.Debug|Any CPU.ActiveCfg = Debug|Any CPU
		{7990B21C-F866-4826-B88A-8A678E63A576}.Debug|Any CPU.Build.0 = Debug|Any CPU
		{7990B21C-F866-4826-B88A-8A678E63A576}.Release|Any CPU.ActiveCfg = Release|Any CPU
		{7990B21C-F866-4826-B88A-8A678E63A576}.Release|Any CPU.Build.0 = Release|Any CPU
		{AE68959B-67FC-405F-8850-E26AFEFB9794}.Debug|Any CPU.ActiveCfg = Debug|Any CPU
		{AE68959B-67FC-405F-8850-E26AFEFB9794}.Debug|Any CPU.Build.0 = Debug|Any CPU
		{AE68959B-67FC-405F-8850-E26AFEFB9794}.Release|Any CPU.ActiveCfg = Release|Any CPU
		{AE68959B-67FC-405F-8850-E26AFEFB9794}.Release|Any CPU.Build.0 = Release|Any CPU
		{ED631137-25F8-46D8-80C9-E4B5A9B38F67}.Debug|Any CPU.ActiveCfg = Debug|Any CPU
		{ED631137-25F8-46D8-80C9-E4B5A9B38F67}.Debug|Any CPU.Build.0 = Debug|Any CPU
		{ED631137-25F8-46D8-80C9-E4B5A9B38F67}.Release|Any CPU.ActiveCfg = Release|Any CPU
		{ED631137-25F8-46D8-80C9-E4B5A9B38F67}.Release|Any CPU.Build.0 = Release|Any CPU
		{59696DF3-73C8-419A-8B29-6026D16188E4}.Debug|Any CPU.ActiveCfg = Debug|Any CPU
		{59696DF3-73C8-419A-8B29-6026D16188E4}.Debug|Any CPU.Build.0 = Debug|Any CPU
		{59696DF3-73C8-419A-8B29-6026D16188E4}.Release|Any CPU.ActiveCfg = Release|Any CPU
		{59696DF3-73C8-419A-8B29-6026D16188E4}.Release|Any CPU.Build.0 = Release|Any CPU
		{60BD09C5-8760-4C31-A0FE-61752076CD6C}.Debug|Any CPU.ActiveCfg = Debug|Any CPU
		{60BD09C5-8760-4C31-A0FE-61752076CD6C}.Debug|Any CPU.Build.0 = Debug|Any CPU
		{60BD09C5-8760-4C31-A0FE-61752076CD6C}.Release|Any CPU.ActiveCfg = Release|Any CPU
		{60BD09C5-8760-4C31-A0FE-61752076CD6C}.Release|Any CPU.Build.0 = Release|Any CPU
	EndGlobalSection
	GlobalSection(NestedProjects) = preSolution
		{7990B21C-F866-4826-B88A-8A678E63A576} = {7D0DB4FB-911F-4F01-B4DA-D9F509D35EEC}
		{AE68959B-67FC-405F-8850-E26AFEFB9794} = {7D0DB4FB-911F-4F01-B4DA-D9F509D35EEC}
		{ED631137-25F8-46D8-80C9-E4B5A9B38F67} = {7D0DB4FB-911F-4F01-B4DA-D9F509D35EEC}
		{59696DF3-73C8-419A-8B29-6026D16188E4} = {7D0DB4FB-911F-4F01-B4DA-D9F509D35EEC}
		{60BD09C5-8760-4C31-A0FE-61752076CD6C} = {7D0DB4FB-911F-4F01-B4DA-D9F509D35EEC}
	EndGlobalSection
EndGlobal
